
Microsoft Visual Studio Solution File, Format Version 12.00
# Visual Studio Version 17
VisualStudioVersion = 17.2.32616.157
MinimumVisualStudioVersion = 10.0.40219.1
Project("{FAE04EC0-301F-11D3-BF4B-00C04F79EFBC}") = "Myproject", "Myproject\Myproject.csproj", "{99407D43-B1BD-448D-AFC0-C83EDC06A806}"
EndProject
Global
	GlobalSection(SolutionConfigurationPlatforms) = preSolution
		Debug|Any CPU = Debug|Any CPU
		Release|Any CPU = Release|Any CPU
	EndGlobalSection
	GlobalSection(ProjectConfigurationPlatforms) = postSolution
		{99407D43-B1BD-448D-AFC0-C83EDC06A806}.Debug|Any CPU.ActiveCfg = Debug|Any CPU
		{99407D43-B1BD-448D-AFC0-C83EDC06A806}.Debug|Any CPU.Build.0 = Debug|Any CPU
		{99407D43-B1BD-448D-AFC0-C83EDC06A806}.Release|Any CPU.ActiveCfg = Release|Any CPU
		{99407D43-B1BD-448D-AFC0-C83EDC06A806}.Release|Any CPU.Build.0 = Release|Any CPU
	EndGlobalSection
	GlobalSection(SolutionProperties) = preSolution
		HideSolutionNode = FALSE
	EndGlobalSection
	GlobalSection(ExtensibilityGlobals) = postSolution
		SolutionGuid = {24541F6D-8648-4A41-A0A5-30C502168585}
	EndGlobalSection
EndGlobal
